
Microsoft Visual Studio Solution File, Format Version 12.00
# Visual Studio Version 16
VisualStudioVersion = 16.0.32901.82
MinimumVisualStudioVersion = 10.0.40219.1
Project("{FAE04EC0-301F-11D3-BF4B-00C04F79EFBC}") = "ABC_SUPER", "ABC_SUPER\ABC_SUPER.csproj", "{DC16788D-1879-42EB-9207-D469150D42FD}"
EndProject
Global
	GlobalSection(SolutionConfigurationPlatforms) = preSolution
		Debug|Any CPU = Debug|Any CPU
		Release|Any CPU = Release|Any CPU
	EndGlobalSection
	GlobalSection(ProjectConfigurationPlatforms) = postSolution
		{DC16788D-1879-42EB-9207-D469150D42FD}.Debug|Any CPU.ActiveCfg = Debug|Any CPU
		{DC16788D-1879-42EB-9207-D469150D42FD}.Debug|Any CPU.Build.0 = Debug|Any CPU
		{DC16788D-1879-42EB-9207-D469150D42FD}.Release|Any CPU.ActiveCfg = Release|Any CPU
		{DC16788D-1879-42EB-9207-D469150D42FD}.Release|Any CPU.Build.0 = Release|Any CPU
	EndGlobalSection
	GlobalSection(SolutionProperties) = preSolution
		HideSolutionNode = FALSE
	EndGlobalSection
	GlobalSection(ExtensibilityGlobals) = postSolution
		SolutionGuid = {27F666F5-5478-40EA-A4E9-1E57B669B88E}
	EndGlobalSection
EndGlobal
